
Microsoft Visual Studio Solution File, Format Version 12.00
# Visual Studio Version 16
VisualStudioVersion = 16.0.29418.71
MinimumVisualStudioVersion = 10.0.40219.1
Project("{9A19103F-16F7-4668-BE54-9A1E7A4F7556}") = "TeslaChargeMate", "src\TeslaChargeMate.csproj", "{AD576376-0FDF-4905-B3CB-397E2A017138}"
EndProject
Project("{9A19103F-16F7-4668-BE54-9A1E7A4F7556}") = "TeslaChargeMate.Tests", "tests\TeslaChargeMate.Tests.csproj", "{A3FB81A4-2037-4C16-8B7E-BDA9D2788F98}"
EndProject
Global
	GlobalSection(SolutionConfigurationPlatforms) = preSolution
		Debug|Any CPU = Debug|Any CPU
		Release|Any CPU = Release|Any CPU
	EndGlobalSection
	GlobalSection(ProjectConfigurationPlatforms) = postSolution
		{AD576376-0FDF-4905-B3CB-397E2A017138}.Debug|Any CPU.ActiveCfg = Debug|Any CPU
		{AD576376-0FDF-4905-B3CB-397E2A017138}.Debug|Any CPU.Build.0 = Debug|Any CPU
		{AD576376-0FDF-4905-B3CB-397E2A017138}.Release|Any CPU.ActiveCfg = Release|Any CPU
		{AD576376-0FDF-4905-B3CB-397E2A017138}.Release|Any CPU.Build.0 = Release|Any CPU
		{A3FB81A4-2037-4C16-8B7E-BDA9D2788F98}.Debug|Any CPU.ActiveCfg = Debug|Any CPU
		{A3FB81A4-2037-4C16-8B7E-BDA9D2788F98}.Debug|Any CPU.Build.0 = Debug|Any CPU
		{A3FB81A4-2037-4C16-8B7E-BDA9D2788F98}.Release|Any CPU.ActiveCfg = Release|Any CPU
		{A3FB81A4-2037-4C16-8B7E-BDA9D2788F98}.Release|Any CPU.Build.0 = Release|Any CPU
	EndGlobalSection
	GlobalSection(SolutionProperties) = preSolution
		HideSolutionNode = FALSE
	EndGlobalSection
	GlobalSection(ExtensibilityGlobals) = postSolution
		SolutionGuid = {6AFE2C03-7511-45C4-80E4-22EDA323DFD1}
	EndGlobalSection
EndGlobal
